
Microsoft Visual Studio Solution File, Format Version 12.00
# Visual Studio Version 17
VisualStudioVersion = 17.9.34622.214
MinimumVisualStudioVersion = 10.0.40219.1
Project("{9A19103F-16F7-4668-BE54-9A1E7A4F7556}") = "API", "API\API.csproj", "{D564EBA6-7178-45E4-A462-71C007692F81}"
EndProject
Project("{9A19103F-16F7-4668-BE54-9A1E7A4F7556}") = "Infrastructure", "Infrastructure\Infrastructure.csproj", "{7939CBEB-6949-4A67-AFF0-5D2768785F72}"
EndProject
Project("{FAE04EC0-301F-11D3-BF4B-00C04F79EFBC}") = "Dto", "Dto\Dto.csproj", "{F44E2A53-C542-4882-BDD9-D7F4D44E9A16}"
EndProject
Global
	GlobalSection(SolutionConfigurationPlatforms) = preSolution
		Debug|Any CPU = Debug|Any CPU
		Release|Any CPU = Release|Any CPU
	EndGlobalSection
	GlobalSection(ProjectConfigurationPlatforms) = postSolution
		{D564EBA6-7178-45E4-A462-71C007692F81}.Debug|Any CPU.ActiveCfg = Debug|Any CPU
		{D564EBA6-7178-45E4-A462-71C007692F81}.Debug|Any CPU.Build.0 = Debug|Any CPU
		{D564EBA6-7178-45E4-A462-71C007692F81}.Release|Any CPU.ActiveCfg = Release|Any CPU
		{D564EBA6-7178-45E4-A462-71C007692F81}.Release|Any CPU.Build.0 = Release|Any CPU
		{7939CBEB-6949-4A67-AFF0-5D2768785F72}.Debug|Any CPU.ActiveCfg = Debug|Any CPU
		{7939CBEB-6949-4A67-AFF0-5D2768785F72}.Debug|Any CPU.Build.0 = Debug|Any CPU
		{7939CBEB-6949-4A67-AFF0-5D2768785F72}.Release|Any CPU.ActiveCfg = Release|Any CPU
		{7939CBEB-6949-4A67-AFF0-5D2768785F72}.Release|Any CPU.Build.0 = Release|Any CPU
		{F44E2A53-C542-4882-BDD9-D7F4D44E9A16}.Debug|Any CPU.ActiveCfg = Debug|Any CPU
		{F44E2A53-C542-4882-BDD9-D7F4D44E9A16}.Debug|Any CPU.Build.0 = Debug|Any CPU
		{F44E2A53-C542-4882-BDD9-D7F4D44E9A16}.Release|Any CPU.ActiveCfg = Release|Any CPU
		{F44E2A53-C542-4882-BDD9-D7F4D44E9A16}.Release|Any CPU.Build.0 = Release|Any CPU
	EndGlobalSection
	GlobalSection(SolutionProperties) = preSolution
		HideSolutionNode = FALSE
	EndGlobalSection
	GlobalSection(ExtensibilityGlobals) = postSolution
		SolutionGuid = {0605DD51-6545-4564-9954-AA416F0A1E50}
	EndGlobalSection
EndGlobal
